
Microsoft Visual Studio Solution File, Format Version 12.00
# Visual Studio Version 17
VisualStudioVersion = 17.8.34525.116
MinimumVisualStudioVersion = 10.0.40219.1
Project("{FAE04EC0-301F-11D3-BF4B-00C04F79EFBC}") = "RainWorldBestiary", "RainWorldBestiary\RainWorldBestiary.csproj", "{8494BB09-5759-4FA9-BA49-4140DE66F48D}"
EndProject
Project("{2150E333-8FDC-42A3-9474-1A3956D46DE8}") = "Solution Items", "Solution Items", "{55A317D4-B7A3-4222-8ACB-E8C836059B58}"
	ProjectSection(SolutionItems) = preProject
		README.md = README.md
	EndProjectSection
EndProject
Global
	GlobalSection(SolutionConfigurationPlatforms) = preSolution
		Debug|Any CPU = Debug|Any CPU
		Release|Any CPU = Release|Any CPU
	EndGlobalSection
	GlobalSection(ProjectConfigurationPlatforms) = postSolution
		{8494BB09-5759-4FA9-BA49-4140DE66F48D}.Debug|Any CPU.ActiveCfg = Debug|Any CPU
		{8494BB09-5759-4FA9-BA49-4140DE66F48D}.Debug|Any CPU.Build.0 = Debug|Any CPU
		{8494BB09-5759-4FA9-BA49-4140DE66F48D}.Release|Any CPU.ActiveCfg = Release|Any CPU
		{8494BB09-5759-4FA9-BA49-4140DE66F48D}.Release|Any CPU.Build.0 = Release|Any CPU
	EndGlobalSection
	GlobalSection(SolutionProperties) = preSolution
		HideSolutionNode = FALSE
	EndGlobalSection
	GlobalSection(ExtensibilityGlobals) = postSolution
		SolutionGuid = {48528062-2086-4862-9673-F0DF3FD196B1}
	EndGlobalSection
EndGlobal
